
Microsoft Visual Studio Solution File, Format Version 12.00
# Visual Studio Version 16
VisualStudioVersion = 16.0.30804.86
MinimumVisualStudioVersion = 10.0.40219.1
Project("{9A19103F-16F7-4668-BE54-9A1E7A4F7556}") = "TradeBotLibrary", "TradeBotLibrary\TradeBotLibrary.csproj", "{67F159D0-A112-40C8-9C6D-0AB3C314BAFB}"
EndProject
Project("{FAE04EC0-301F-11D3-BF4B-00C04F79EFBC}") = "LOOTFarmBuyer", "LOOTFarmBuyer\LOOTFarmBuyer.csproj", "{5A40FFE9-0CD8-4A51-AABF-CE90C239E774}"
EndProject
Global
	GlobalSection(SolutionConfigurationPlatforms) = preSolution
		Debug|Any CPU = Debug|Any CPU
		Release|Any CPU = Release|Any CPU
	EndGlobalSection
	GlobalSection(ProjectConfigurationPlatforms) = postSolution
		{67F159D0-A112-40C8-9C6D-0AB3C314BAFB}.Debug|Any CPU.ActiveCfg = Debug|Any CPU
		{67F159D0-A112-40C8-9C6D-0AB3C314BAFB}.Debug|Any CPU.Build.0 = Debug|Any CPU
		{67F159D0-A112-40C8-9C6D-0AB3C314BAFB}.Release|Any CPU.ActiveCfg = Release|Any CPU
		{67F159D0-A112-40C8-9C6D-0AB3C314BAFB}.Release|Any CPU.Build.0 = Release|Any CPU
		{5A40FFE9-0CD8-4A51-AABF-CE90C239E774}.Debug|Any CPU.ActiveCfg = Debug|Any CPU
		{5A40FFE9-0CD8-4A51-AABF-CE90C239E774}.Debug|Any CPU.Build.0 = Debug|Any CPU
		{5A40FFE9-0CD8-4A51-AABF-CE90C239E774}.Release|Any CPU.ActiveCfg = Release|Any CPU
		{5A40FFE9-0CD8-4A51-AABF-CE90C239E774}.Release|Any CPU.Build.0 = Release|Any CPU
	EndGlobalSection
	GlobalSection(SolutionProperties) = preSolution
		HideSolutionNode = FALSE
	EndGlobalSection
	GlobalSection(ExtensibilityGlobals) = postSolution
		SolutionGuid = {6475FBCD-7B6B-4C5B-A0CD-1F87C22AC6F0}
	EndGlobalSection
EndGlobal
